
Microsoft Visual Studio Solution File, Format Version 12.00
# Visual Studio Version 16
VisualStudioVersion = 16.0.30225.117
MinimumVisualStudioVersion = 10.0.40219.1
Project("{FAE04EC0-301F-11D3-BF4B-00C04F79EFBC}") = "WpfApp2", "WpfApp1\WpfApp2.csproj", "{FD310DBE-1791-45E8-ABCC-184290A68412}"
EndProject
Global
	GlobalSection(SolutionConfigurationPlatforms) = preSolution
		Debug|Any CPU = Debug|Any CPU
		Release|Any CPU = Release|Any CPU
	EndGlobalSection
	GlobalSection(ProjectConfigurationPlatforms) = postSolution
		{FD310DBE-1791-45E8-ABCC-184290A68412}.Debug|Any CPU.ActiveCfg = Debug|Any CPU
		{FD310DBE-1791-45E8-ABCC-184290A68412}.Debug|Any CPU.Build.0 = Debug|Any CPU
		{FD310DBE-1791-45E8-ABCC-184290A68412}.Release|Any CPU.ActiveCfg = Release|Any CPU
		{FD310DBE-1791-45E8-ABCC-184290A68412}.Release|Any CPU.Build.0 = Release|Any CPU
	EndGlobalSection
	GlobalSection(SolutionProperties) = preSolution
		HideSolutionNode = FALSE
	EndGlobalSection
	GlobalSection(ExtensibilityGlobals) = postSolution
		SolutionGuid = {0DC6EA3C-CC13-4A5F-B057-B5B7FEFE134F}
	EndGlobalSection
EndGlobal
